// !$*UTF8*$!
{
	archiveVersion = 1;
	classes = {
	};
	objectVersion = 56;
	objects = {

/* Begin PBXBuildFile section */
		5A276FC629D5DF95009E1B34 /* AppDelegate.swift in Sources */ = {isa = PBXBuildFile; fileRef = 5A276FC529D5DF95009E1B34 /* AppDelegate.swift */; };
		5A276FC829D5DF95009E1B34 /* SceneDelegate.swift in Sources */ = {isa = PBXBuildFile; fileRef = 5A276FC729D5DF95009E1B34 /* SceneDelegate.swift */; };
		5A276FCA29D5DF95009E1B34 /* ViewController.swift in Sources */ = {isa = PBXBuildFile; fileRef = 5A276FC929D5DF95009E1B34 /* ViewController.swift */; };
		5A276FCD29D5DF95009E1B34 /* Main.storyboard in Resources */ = {isa = PBXBuildFile; fileRef = 5A276FCB29D5DF95009E1B34 /* Main.storyboard */; };
		5A276FD029D5DF95009E1B34 /* CrudOperation.xcdatamodeld in Sources */ = {isa = PBXBuildFile; fileRef = 5A276FCE29D5DF95009E1B34 /* CrudOperation.xcdatamodeld */; };
		5A276FD229D5DF96009E1B34 /* Assets.xcassets in Resources */ = {isa = PBXBuildFile; fileRef = 5A276FD129D5DF96009E1B34 /* Assets.xcassets */; };
		5A276FD529D5DF96009E1B34 /* LaunchScreen.storyboard in Resources */ = {isa = PBXBuildFile; fileRef = 5A276FD329D5DF96009E1B34 /* LaunchScreen.storyboard */; };
		5AA3526129DDC7F90076C274 /* SecondViewController.swift in Sources */ = {isa = PBXBuildFile; fileRef = 5AA3526029DDC7F90076C274 /* SecondViewController.swift */; };
		5AA3526429DDCAF90076C274 /* Realm in Frameworks */ = {isa = PBXBuildFile; productRef = 5AA3526329DDCAF90076C274 /* Realm */; };
		5AA3526629DDCAF90076C274 /* RealmSwift in Frameworks */ = {isa = PBXBuildFile; productRef = 5AA3526529DDCAF90076C274 /* RealmSwift */; };
		5AA3526829DDCCE60076C274 /* Employee.swift in Sources */ = {isa = PBXBuildFile; fileRef = 5AA3526729DDCCE60076C274 /* Employee.swift */; };
/* End PBXBuildFile section */

/* Begin PBXFileReference section */
		5A276FC229D5DF95009E1B34 /* CrudOperation.app */ = {isa = PBXFileReference; explicitFileType = wrapper.application; includeInIndex = 0; path = CrudOperation.app; sourceTree = BUILT_PRODUCTS_DIR; };
		5A276FC529D5DF95009E1B34 /* AppDelegate.swift */ = {isa = PBXFileReference; lastKnownFileType = sourcecode.swift; path = AppDelegate.swift; sourceTree = "<group>"; };
		5A276FC729D5DF95009E1B34 /* SceneDelegate.swift */ = {isa = PBXFileReference; lastKnownFileType = sourcecode.swift; path = SceneDelegate.swift; sourceTree = "<group>"; };
		5A276FC929D5DF95009E1B34 /* ViewController.swift */ = {isa = PBXFileReference; lastKnownFileType = sourcecode.swift; path = ViewController.swift; sourceTree = "<group>"; };
		5A276FCC29D5DF95009E1B34 /* Base */ = {isa = PBXFileReference; lastKnownFileType = file.storyboard; name = Base; path = Base.lproj/Main.storyboard; sourceTree = "<group>"; };
		5A276FCF29D5DF95009E1B34 /* CrudOperation.xcdatamodel */ = {isa = PBXFileReference; lastKnownFileType = wrapper.xcdatamodel; path = CrudOperation.xcdatamodel; sourceTree = "<group>"; };
		5A276FD129D5DF96009E1B34 /* Assets.xcassets */ = {isa = PBXFileReference; lastKnownFileType = folder.assetcatalog; path = Assets.xcassets; sourceTree = "<group>"; };
		5A276FD429D5DF96009E1B34 /* Base */ = {isa = PBXFileReference; lastKnownFileType = file.storyboard; name = Base; path = Base.lproj/LaunchScreen.storyboard; sourceTree = "<group>"; };
		5A276FD629D5DF96009E1B34 /* Info.plist */ = {isa = PBXFileReference; lastKnownFileType = text.plist.xml; path = Info.plist; sourceTree = "<group>"; };
		5AA3526029DDC7F90076C274 /* SecondViewController.swift */ = {isa = PBXFileReference; lastKnownFileType = sourcecode.swift; path = SecondViewController.swift; sourceTree = "<group>"; };
		5AA3526729DDCCE60076C274 /* Employee.swift */ = {isa = PBXFileReference; lastKnownFileType = sourcecode.swift; path = Employee.swift; sourceTree = "<group>"; };
/* End PBXFileReference section */

/* Begin PBXFrameworksBuildPhase section */
		5A276FBF29D5DF95009E1B34 /* Frameworks */ = {
			isa = PBXFrameworksBuildPhase;
			buildActionMask = 2147483647;
			files = (
				5AA3526629DDCAF90076C274 /* RealmSwift in Frameworks */,
				5AA3526429DDCAF90076C274 /* Realm in Frameworks */,
			);
			runOnlyForDeploymentPostprocessing = 0;
		};
/* End PBXFrameworksBuildPhase section */

/* Begin PBXGroup section */
		5A276FB929D5DF95009E1B34 = {
			isa = PBXGroup;
			children = (
				5A276FC429D5DF95009E1B34 /* CrudOperation */,
				5A276FC329D5DF95009E1B34 /* Products */,
			);
			sourceTree = "<group>";
		};
		5A276FC329D5DF95009E1B34 /* Products */ = {
			isa = PBXGroup;
			children = (
				5A276FC229D5DF95009E1B34 /* CrudOperation.app */,
			);
			name = Products;
			sourceTree = "<group>";
		};
		5A276FC429D5DF95009E1B34 /* CrudOperation */ = {
			isa = PBXGroup;
			children = (
				5A276FC529D5DF95009E1B34 /* AppDelegate.swift */,
				5A276FC729D5DF95009E1B34 /* SceneDelegate.swift */,
				5A276FC929D5DF95009E1B34 /* ViewController.swift */,
				5A276FCB29D5DF95009E1B34 /* Main.storyboard */,
				5AA3526029DDC7F90076C274 /* SecondViewController.swift */,
				5A276FD129D5DF96009E1B34 /* Assets.xcassets */,
				5A276FD329D5DF96009E1B34 /* LaunchScreen.storyboard */,
				5A276FD629D5DF96009E1B34 /* Info.plist */,
				5A276FCE29D5DF95009E1B34 /* CrudOperation.xcdatamodeld */,
				5AA3526729DDCCE60076C274 /* Employee.swift */,
			);
			path = CrudOperation;
			sourceTree = "<group>";
		};
/* End PBXGroup section */

/* Begin PBXNativeTarget section */
		5A276FC129D5DF95009E1B34 /* CrudOperation */ = {
			isa = PBXNativeTarget;
			buildConfigurationList = 5A276FD929D5DF96009E1B34 /* Build configuration list for PBXNativeTarget "CrudOperation" */;
			buildPhases = (
				5A276FBE29D5DF95009E1B34 /* Sources */,
				5A276FBF29D5DF95009E1B34 /* Frameworks */,
				5A276FC029D5DF95009E1B34 /* Resources */,
			);
			buildRules = (
			);
			dependencies = (
			);
			name = CrudOperation;
			packageProductDependencies = (
				5AA3526329DDCAF90076C274 /* Realm */,
				5AA3526529DDCAF90076C274 /* RealmSwift */,
			);
			productName = CrudOperation;
			productReference = 5A276FC229D5DF95009E1B34 /* CrudOperation.app */;
			productType = "com.apple.product-type.application";
		};
/* End PBXNativeTarget section */

/* Begin PBXProject section */
		5A276FBA29D5DF95009E1B34 /* Project object */ = {
			isa = PBXProject;
			attributes = {
				BuildIndependentTargetsInParallel = 1;
				LastSwiftUpdateCheck = 1420;
				LastUpgradeCheck = 1420;
				TargetAttributes = {
					5A276FC129D5DF95009E1B34 = {
						CreatedOnToolsVersion = 14.2;
					};
				};
			};
			buildConfigurationList = 5A276FBD29D5DF95009E1B34 /* Build configuration list for PBXProject "CrudOperation" */;
			compatibilityVersion = "Xcode 14.0";
			developmentRegion = en;
			hasScannedForEncodings = 0;
			knownRegions = (
				en,
				Base,
			);
			mainGroup = 5A276FB929D5DF95009E1B34;
			packageReferences = (
				5AA3526229DDCAF90076C274 /* XCRemoteSwiftPackageReference "realm-swift" */,
			);
			productRefGroup = 5A276FC329D5DF95009E1B34 /* Products */;
			projectDirPath = "";
			projectRoot = "";
			targets = (
				5A276FC129D5DF95009E1B34 /* CrudOperation */,
			);
		};
/* End PBXProject section */

/* Begin PBXResourcesBuildPhase section */
		5A276FC029D5DF95009E1B34 /* Resources */ = {
			isa = PBXResourcesBuildPhase;
			buildActionMask = 2147483647;
			files = (
				5A276FD529D5DF96009E1B34 /* LaunchScreen.storyboard in Resources */,
				5A276FD229D5DF96009E1B34 /* Assets.xcassets in Resources */,
				5A276FCD29D5DF95009E1B34 /* Main.storyboard in Resources */,
			);
			runOnlyForDeploymentPostprocessing = 0;
		};
/* End PBXResourcesBuildPhase section */

/* Begin PBXSourcesBuildPhase section */
		5A276FBE29D5DF95009E1B34 /* Sources */ = {
			isa = PBXSourcesBuildPhase;
			buildActionMask = 2147483647;
			files = (
				5A276FCA29D5DF95009E1B34 /* ViewController.swift in Sources */,
				5AA3526829DDCCE60076C274 /* Employee.swift in Sources */,
				5A276FD029D5DF95009E1B34 /* CrudOperation.xcdatamodeld in Sources */,
				5A276FC629D5DF95009E1B34 /* AppDelegate.swift in Sources */,
				5AA3526129DDC7F90076C274 /* SecondViewController.swift in Sources */,
				5A276FC829D5DF95009E1B34 /* SceneDelegate.swift in Sources */,
			);
			runOnlyForDeploymentPostprocessing = 0;
		};
/* End PBXSourcesBuildPhase section */

/* Begin PBXVariantGroup section */
		5A276FCB29D5DF95009E1B34 /* Main.storyboard */ = {
			isa = PBXVariantGroup;
			children = (
				5A276FCC29D5DF95009E1B34 /* Base */,
			);
			name = Main.storyboard;
			sourceTree = "<group>";
		};
		5A276FD329D5DF96009E1B34 /* LaunchScreen.storyboard */ = {
			isa = PBXVariantGroup;
			children = (
				5A276FD429D5DF96009E1B34 /* Base */,
			);
			name = LaunchScreen.storyboard;
			sourceTree = "<group>";
		};
/* End PBXVariantGroup section */

/* Begin XCBuildConfiguration section */
		5A276FD729D5DF96009E1B34 /* Debug */ = {
			isa = XCBuildConfiguration;
			buildSettings = {
				ALWAYS_SEARCH_USER_PATHS = NO;
				CLANG_ANALYZER_NONNULL = YES;
				CLANG_ANALYZER_NUMBER_OBJECT_CONVERSION = YES_AGGRESSIVE;
				CLANG_CXX_LANGUAGE_STANDARD = "gnu++20";
				CLANG_ENABLE_MODULES = YES;
				CLANG_ENABLE_OBJC_ARC = YES;
				CLANG_ENABLE_OBJC_WEAK = YES;
				CLANG_WARN_BLOCK_CAPTURE_AUTORELEASING = YES;
				CLANG_WARN_BOOL_CONVERSION = YES;
				CLANG_WARN_COMMA = YES;
				CLANG_WARN_CONSTANT_CONVERSION = YES;
				CLANG_WARN_DEPRECATED_OBJC_IMPLEMENTATIONS = YES;
				CLANG_WARN_DIRECT_OBJC_ISA_USAGE = YES_ERROR;
				CLANG_WARN_DOCUMENTATION_COMMENTS = YES;
				CLANG_WARN_EMPTY_BODY = YES;
				CLANG_WARN_ENUM_CONVERSION = YES;
				CLANG_WARN_INFINITE_RECURSION = YES;
				CLANG_WARN_INT_CONVERSION = YES;
				CLANG_WARN_NON_LITERAL_NULL_CONVERSION = YES;
				CLANG_WARN_OBJC_IMPLICIT_RETAIN_SELF = YES;
				CLANG_WARN_OBJC_LITERAL_CONVERSION = YES;
				CLANG_WARN_OBJC_ROOT_CLASS = YES_ERROR;
				CLANG_WARN_QUOTED_INCLUDE_IN_FRAMEWORK_HEADER = YES;
				CLANG_WARN_RANGE_LOOP_ANALYSIS = YES;
				CLANG_WARN_STRICT_PROTOTYPES = YES;
				CLANG_WARN_SUSPICIOUS_MOVE = YES;
				CLANG_WARN_UNGUARDED_AVAILABILITY = YES_AGGRESSIVE;
				CLANG_WARN_UNREACHABLE_CODE = YES;
				CLANG_WARN__DUPLICATE_METHOD_MATCH = YES;
				COPY_PHASE_STRIP = NO;
				DEBUG_INFORMATION_FORMAT = dwarf;
				ENABLE_STRICT_OBJC_MSGSEND = YES;
				ENABLE_TESTABILITY = YES;
				GCC_C_LANGUAGE_STANDARD = gnu11;
				GCC_DYNAMIC_NO_PIC = NO;
				GCC_NO_COMMON_BLOCKS = YES;
				GCC_OPTIMIZATION_LEVEL = 0;
				GCC_PREPROCESSOR_DEFINITIONS = (
					"DEBUG=1",
					"$(inherited)",
				);
				GCC_WARN_64_TO_32_BIT_CONVERSION = YES;
				GCC_WARN_ABOUT_RETURN_TYPE = YES_ERROR;
				GCC_WARN_UNDECLARED_SELECTOR = YES;
				GCC_WARN_UNINITIALIZED_AUTOS = YES_AGGRESSIVE;
				GCC_WARN_UNUSED_FUNCTION = YES;
				GCC_WARN_UNUSED_VARIABLE = YES;
				IPHONEOS_DEPLOYMENT_TARGET = 16.2;
				MTL_ENABLE_DEBUG_INFO = INCLUDE_SOURCE;
				MTL_FAST_MATH = YES;
				ONLY_ACTIVE_ARCH = YES;
				SDKROOT = iphoneos;
				SWIFT_ACTIVE_COMPILATION_CONDITIONS = DEBUG;
				SWIFT_OPTIMIZATION_LEVEL = "-Onone";
			};
			name = Debug;
		};
		5A276FD829D5DF96009E1B34 /* Release */ = {
			isa = XCBuildConfiguration;
			buildSettings = {
				ALWAYS_SEARCH_USER_PATHS = NO;
				CLANG_ANALYZER_NONNULL = YES;
				CLANG_ANALYZER_NUMBER_OBJECT_CONVERSION = YES_AGGRESSIVE;
				CLANG_CXX_LANGUAGE_STANDARD = "gnu++20";
				CLANG_ENABLE_MODULES = YES;
				CLANG_ENABLE_OBJC_ARC = YES;
				CLANG_ENABLE_OBJC_WEAK = YES;
				CLANG_WARN_BLOCK_CAPTURE_AUTORELEASING = YES;
				CLANG_WARN_BOOL_CONVERSION = YES;
				CLANG_WARN_COMMA = YES;
				CLANG_WARN_CONSTANT_CONVERSION = YES;
				CLANG_WARN_DEPRECATED_OBJC_IMPLEMENTATIONS = YES;
				CLANG_WARN_DIRECT_OBJC_ISA_USAGE = YES_ERROR;
				CLANG_WARN_DOCUMENTATION_COMMENTS = YES;
				CLANG_WARN_EMPTY_BODY = YES;
				CLANG_WARN_ENUM_CONVERSION = YES;
				CLANG_WARN_INFINITE_RECURSION = YES;
				CLANG_WARN_INT_CONVERSION = YES;
				CLANG_WARN_NON_LITERAL_NULL_CONVERSION = YES;
				CLANG_WARN_OBJC_IMPLICIT_RETAIN_SELF = YES;
				CLANG_WARN_OBJC_LITERAL_CONVERSION = YES;
				CLANG_WARN_OBJC_ROOT_CLASS = YES_ERROR;
				CLANG_WARN_QUOTED_INCLUDE_IN_FRAMEWORK_HEADER = YES;
				CLANG_WARN_RANGE_LOOP_ANALYSIS = YES;
				CLANG_WARN_STRICT_PROTOTYPES = YES;
				CLANG_WARN_SUSPICIOUS_MOVE = YES;
				CLANG_WARN_UNGUARDED_AVAILABILITY = YES_AGGRESSIVE;
				CLANG_WARN_UNREACHABLE_CODE = YES;
				CLANG_WARN__DUPLICATE_METHOD_MATCH = YES;
				COPY_PHASE_STRIP = NO;
				DEBUG_INFORMATION_FORMAT = "dwarf-with-dsym";
				ENABLE_NS_ASSERTIONS = NO;
				ENABLE_STRICT_OBJC_MSGSEND = YES;
				GCC_C_LANGUAGE_STANDARD = gnu11;
				GCC_NO_COMMON_BLOCKS = YES;
				GCC_WARN_64_TO_32_BIT_CONVERSION = YES;
				GCC_WARN_ABOUT_RETURN_TYPE = YES_ERROR;
				GCC_WARN_UNDECLARED_SELECTOR = YES;
				GCC_WARN_UNINITIALIZED_AUTOS = YES_AGGRESSIVE;
				GCC_WARN_UNUSED_FUNCTION = YES;
				GCC_WARN_UNUSED_VARIABLE = YES;
				IPHONEOS_DEPLOYMENT_TARGET = 16.2;
				MTL_ENABLE_DEBUG_INFO = NO;
				MTL_FAST_MATH = YES;
				SDKROOT = iphoneos;
				SWIFT_COMPILATION_MODE = wholemodule;
				SWIFT_OPTIMIZATION_LEVEL = "-O";
				VALIDATE_PRODUCT = YES;
			};
			name = Release;
		};
		5A276FDA29D5DF96009E1B34 /* Debug */ = {
			isa = XCBuildConfiguration;
			buildSettings = {
				ASSETCATALOG_COMPILER_APPICON_NAME = AppIcon;
				ASSETCATALOG_COMPILER_GLOBAL_ACCENT_COLOR_NAME = AccentColor;
				CODE_SIGN_STYLE = Automatic;
				CURRENT_PROJECT_VERSION = 1;
				DEVELOPMENT_TEAM = NJRLFB685Z;
				GENERATE_INFOPLIST_FILE = YES;
				INFOPLIST_FILE = CrudOperation/Info.plist;
				INFOPLIST_KEY_UIApplicationSupportsIndirectInputEvents = YES;
				INFOPLIST_KEY_UILaunchStoryboardName = LaunchScreen;
				INFOPLIST_KEY_UIMainStoryboardFile = Main;
				INFOPLIST_KEY_UISupportedInterfaceOrientations_iPad = "UIInterfaceOrientationPortrait UIInterfaceOrientationPortraitUpsideDown UIInterfaceOrientationLandscapeLeft UIInterfaceOrientationLandscapeRight";
				INFOPLIST_KEY_UISupportedInterfaceOrientations_iPhone = "UIInterfaceOrientationPortrait UIInterfaceOrientationLandscapeLeft UIInterfaceOrientationLandscapeRight";
				LD_RUNPATH_SEARCH_PATHS = (
					"$(inherited)",
					"@executable_path/Frameworks",
				);
				MARKETING_VERSION = 1.0;
				PRODUCT_BUNDLE_IDENTIFIER = inergy.CrudOperation;
				PRODUCT_NAME = "$(TARGET_NAME)";
				SWIFT_EMIT_LOC_STRINGS = YES;
				SWIFT_VERSION = 5.0;
				TARGETED_DEVICE_FAMILY = "1,2";
			};
			name = Debug;
		};
		5A276FDB29D5DF96009E1B34 /* Release */ = {
			isa = XCBuildConfiguration;
			buildSettings = {
				ASSETCATALOG_COMPILER_APPICON_NAME = AppIcon;
				ASSETCATALOG_COMPILER_GLOBAL_ACCENT_COLOR_NAME = AccentColor;
				CODE_SIGN_STYLE = Automatic;
				CURRENT_PROJECT_VERSION = 1;
				DEVELOPMENT_TEAM = NJRLFB685Z;
				GENERATE_INFOPLIST_FILE = YES;
				INFOPLIST_FILE = CrudOperation/Info.plist;
				INFOPLIST_KEY_UIApplicationSupportsIndirectInputEvents = YES;
				INFOPLIST_KEY_UILaunchStoryboardName = LaunchScreen;
				INFOPLIST_KEY_UIMainStoryboardFile = Main;
				INFOPLIST_KEY_UISupportedInterfaceOrientations_iPad = "UIInterfaceOrientationPortrait UIInterfaceOrientationPortraitUpsideDown UIInterfaceOrientationLandscapeLeft UIInterfaceOrientationLandscapeRight";
				INFOPLIST_KEY_UISupportedInterfaceOrientations_iPhone = "UIInterfaceOrientationPortrait UIInterfaceOrientationLandscapeLeft UIInterfaceOrientationLandscapeRight";
				LD_RUNPATH_SEARCH_PATHS = (
					"$(inherited)",
					"@executable_path/Frameworks",
				);
				MARKETING_VERSION = 1.0;
				PRODUCT_BUNDLE_IDENTIFIER = inergy.CrudOperation;
				PRODUCT_NAME = "$(TARGET_NAME)";
				SWIFT_EMIT_LOC_STRINGS = YES;
				SWIFT_VERSION = 5.0;
				TARGETED_DEVICE_FAMILY = "1,2";
			};
			name = Release;
		};
/* End XCBuildConfiguration section */

/* Begin XCConfigurationList section */
		5A276FBD29D5DF95009E1B34 /* Build configuration list for PBXProject "CrudOperation" */ = {
			isa = XCConfigurationList;
			buildConfigurations = (
				5A276FD729D5DF96009E1B34 /* Debug */,
				5A276FD829D5DF96009E1B34 /* Release */,
			);
			defaultConfigurationIsVisible = 0;
			defaultConfigurationName = Release;
		};
		5A276FD929D5DF96009E1B34 /* Build configuration list for PBXNativeTarget "CrudOperation" */ = {
			isa = XCConfigurationList;
			buildConfigurations = (
				5A276FDA29D5DF96009E1B34 /* Debug */,
				5A276FDB29D5DF96009E1B34 /* Release */,
			);
			defaultConfigurationIsVisible = 0;
			defaultConfigurationName = Release;
		};
/* End XCConfigurationList section */

/* Begin XCRemoteSwiftPackageReference section */
		5AA3526229DDCAF90076C274 /* XCRemoteSwiftPackageReference "realm-swift" */ = {
			isa = XCRemoteSwiftPackageReference;
			repositoryURL = "https://github.com/realm/realm-swift.git";
			requirement = {
				kind = upToNextMajorVersion;
				minimumVersion = 10.38.0;
			};
		};
/* End XCRemoteSwiftPackageReference section */

/* Begin XCSwiftPackageProductDependency section */
		5AA3526329DDCAF90076C274 /* Realm */ = {
			isa = XCSwiftPackageProductDependency;
			package = 5AA3526229DDCAF90076C274 /* XCRemoteSwiftPackageReference "realm-swift" */;
			productName = Realm;
		};
		5AA3526529DDCAF90076C274 /* RealmSwift */ = {
			isa = XCSwiftPackageProductDependency;
			package = 5AA3526229DDCAF90076C274 /* XCRemoteSwiftPackageReference "realm-swift" */;
			productName = RealmSwift;
		};
/* End XCSwiftPackageProductDependency section */

/* Begin XCVersionGroup section */
		5A276FCE29D5DF95009E1B34 /* CrudOperation.xcdatamodeld */ = {
			isa = XCVersionGroup;
			children = (
				5A276FCF29D5DF95009E1B34 /* CrudOperation.xcdatamodel */,
			);
			currentVersion = 5A276FCF29D5DF95009E1B34 /* CrudOperation.xcdatamodel */;
			path = CrudOperation.xcdatamodeld;
			sourceTree = "<group>";
			versionGroupType = wrapper.xcdatamodel;
		};
/* End XCVersionGroup section */
	};
	rootObject = 5A276FBA29D5DF95009E1B34 /* Project object */;
}
